
Microsoft Visual Studio Solution File, Format Version 12.00
Project("{FAE04EC0-301F-11D3-BF4B-00C04F79EFBC}") = "VendorMachine_APP", "VendorMachine_APP\VendorMachine_APP.csproj", "{3DF20850-2B9D-47EB-9A60-DA33EF79A279}"
EndProject
Global
	GlobalSection(SolutionConfigurationPlatforms) = preSolution
		Debug|Any CPU = Debug|Any CPU
		Release|Any CPU = Release|Any CPU
	EndGlobalSection
	GlobalSection(ProjectConfigurationPlatforms) = postSolution
		{3DF20850-2B9D-47EB-9A60-DA33EF79A279}.Debug|Any CPU.ActiveCfg = Debug|Any CPU
		{3DF20850-2B9D-47EB-9A60-DA33EF79A279}.Debug|Any CPU.Build.0 = Debug|Any CPU
		{3DF20850-2B9D-47EB-9A60-DA33EF79A279}.Release|Any CPU.ActiveCfg = Release|Any CPU
		{3DF20850-2B9D-47EB-9A60-DA33EF79A279}.Release|Any CPU.Build.0 = Release|Any CPU
	EndGlobalSection
EndGlobal
